[renv]
Version=0.5.0-120

[R]
Version=3.6.0
Repositories=
	CRAN=https://cran.rstudio.com/

[R/Package/BH]
Package=BH
Version=1.69.0-1
Source=CRAN
Hash=0fde015f5153e51df44981da0767f522

[R/Package/R6]
Package=R6
Version=2.4.0
Source=CRAN
Hash=92b50d943a7c76c67918c1e1beb68627

[R/Package/Rcpp]
Package=Rcpp
Version=1.0.1
Source=CRAN
Hash=94bf4b635dd6abac1765cff90ba98235

[R/Package/assertthat]
Package=assertthat
Version=0.2.1
Source=CRAN
Hash=19fb3d0ad048b4eb1a05cacffbae1f66

[R/Package/backports]
Package=backports
Version=1.1.4
Source=CRAN
Hash=2a78bf0825e0088e117520553ceb7fa5

[R/Package/cellranger]
Package=cellranger
Version=1.1.0
Source=CRAN
Hash=2cd2a065192f3ba08a919d8800dba7e0

[R/Package/cli]
Package=cli
Version=1.1.0
Source=CRAN
Hash=ca8cae9892a09cc014898470df415add

[R/Package/clipr]
Package=clipr
Version=0.6.0
Source=CRAN
Hash=1b4c6b49dca948d2f95a741ae8f52edd

[R/Package/crayon]
Package=crayon
Version=1.3.4
Source=CRAN
Hash=3fa6f9cda30a77d5d0e3b1edb1fcf949

[R/Package/dplyr]
Package=dplyr
Version=0.8.1
Source=CRAN
Hash=f70236417bd4b5a1f7993623d766ef5f

[R/Package/enviPat]
Package=enviPat
Version=2.4
Source=CRAN
Hash=b6fcbdcf3426447f6de364c05d94b542

[R/Package/fansi]
Package=fansi
Version=0.4.0
Source=CRAN
Hash=cd87b0162287f0da225edfaa2fd3a20c

[R/Package/glue]
Package=glue
Version=1.3.1
Source=CRAN
Hash=e8436e647719b7c9d01409767cd88cc8

[R/Package/here]
Package=here
Version=0.1
Source=CRAN
Hash=fabf4a569e93a85dc38c252a5026eb50

[R/Package/hms]
Package=hms
Version=0.4.2
Source=CRAN
Hash=cfc811d732a86e96b36931ac1a6083f2

[R/Package/magrittr]
Package=magrittr
Version=1.5
Source=CRAN
Hash=dee1d97cffddfd3ed969e224bd0826d0

[R/Package/pillar]
Package=pillar
Version=1.3.1
Source=CRAN
Hash=8151c503703d4372709755a73eb75854

[R/Package/pkgconfig]
Package=pkgconfig
Version=2.0.2
Source=CRAN
Hash=a9c3905822c12b8ad5f5bef850d1b45b

[R/Package/plogr]
Package=plogr
Version=0.2.0
Source=CRAN
Hash=93a51eac010f95e86be34a019a9fd2cb

[R/Package/prettyunits]
Package=prettyunits
Version=1.0.2
Source=CRAN
Hash=33ce93b23647e85c127f8e1bb08604fc

[R/Package/progress]
Package=progress
Version=1.2.0
Source=CRAN
Hash=c0b280b9d6fb834f44fbe958e99e8a5d

[R/Package/purrr]
Package=purrr
Version=0.3.2
Source=CRAN
Hash=c360ab7eabd6e38a83f2475eb97c6344

[R/Package/readr]
Package=readr
Version=1.3.1
Source=CRAN
Hash=12e12ae34178a19170de85d7eff9dc67

[R/Package/readxl]
Package=readxl
Version=1.3.1
Source=CRAN
Hash=8a8b4695e87c90cc9423eb8994e76819

[R/Package/rematch]
Package=rematch
Version=1.0.1
Source=CRAN
Hash=d3d55a556f7f2e74f449d6a53b8abf8e

[R/Package/rlang]
Package=rlang
Version=0.3.4
Source=CRAN
Hash=2b3bd6e5e8997c7e008bcaec981bbc2a

[R/Package/rprojroot]
Package=rprojroot
Version=1.3-2
Source=CRAN
Hash=aabecf1380683e49f6da7f3d7a3e69d2

[R/Package/stringi]
Package=stringi
Version=1.4.3
Source=CRAN
Hash=113506f116db9dd5bd1caf46884e0647

[R/Package/stringr]
Package=stringr
Version=1.4.0
Source=CRAN
Hash=41d6310ad18bd019a203d7adc496a28b

[R/Package/tibble]
Package=tibble
Version=2.1.1
Source=CRAN
Hash=01ce5c8f9d281f1d44be21df3564787b

[R/Package/tidyr]
Package=tidyr
Version=0.8.3
Source=CRAN
Hash=51442fddca0f783dce03baffbe5b790b

[R/Package/tidyselect]
Package=tidyselect
Version=0.2.5
Source=CRAN
Hash=dc3fcbc21f04b293e0794e24982cf357

[R/Package/utf8]
Package=utf8
Version=1.1.4
Source=CRAN
Hash=3f1a5a5b184f63379f8e6c08d5036c53

